
Microsoft Visual Studio Solution File, Format Version 12.00
# Visual Studio 14
VisualStudioVersion = 14.0.25420.1
MinimumVisualStudioVersion = 10.0.40219.1
Project("{FAE04EC0-301F-11D3-BF4B-00C04F79EFBC}") = "浏览器模拟器", "浏览器模拟器.csproj", "{EB06881F-E94F-4B7E-8BAB-ED023C919536}"
EndProject
Global
	GlobalSection(SolutionConfigurationPlatforms) = preSolution
		Debug|Any CPU = Debug|Any CPU
		Release|Any CPU = Release|Any CPU
	EndGlobalSection
	GlobalSection(ProjectConfigurationPlatforms) = postSolution
		{EB06881F-E94F-4B7E-8BAB-ED023C919536}.Debug|Any CPU.ActiveCfg = Debug|Any CPU
		{EB06881F-E94F-4B7E-8BAB-ED023C919536}.Debug|Any CPU.Build.0 = Debug|Any CPU
		{EB06881F-E94F-4B7E-8BAB-ED023C919536}.Release|Any CPU.ActiveCfg = Release|Any CPU
		{EB06881F-E94F-4B7E-8BAB-ED023C919536}.Release|Any CPU.Build.0 = Release|Any CPU
	EndGlobalSection
	GlobalSection(SolutionProperties) = preSolution
		HideSolutionNode = FALSE
	EndGlobalSection
EndGlobal
